
Microsoft Visual Studio Solution File, Format Version 12.00
# Visual Studio Version 16
VisualStudioVersion = 16.0.30804.86
MinimumVisualStudioVersion = 10.0.40219.1
Project("{9A19103F-16F7-4668-BE54-9A1E7A4F7556}") = "Car", "Object1\Car.csproj", "{BF338837-8682-4E6B-A2C3-5434739A7CB0}"
EndProject
Project("{9A19103F-16F7-4668-BE54-9A1E7A4F7556}") = "Parts", "Parts\Parts.csproj", "{3FA88D53-5F3D-4038-8998-90B573250A5C}"
EndProject
Project("{9A19103F-16F7-4668-BE54-9A1E7A4F7556}") = "Human", "Human\Human.csproj", "{A7856FAB-0271-4641-B287-BF3668F248AA}"
EndProject
Project("{9A19103F-16F7-4668-BE54-9A1E7A4F7556}") = "Sports", "Sports\Sports.csproj", "{69C37150-9275-40FE-BE74-4674967BBB0D}"
EndProject
Project("{9A19103F-16F7-4668-BE54-9A1E7A4F7556}") = "Bussiness", "Bussiness\Bussiness.csproj", "{3675F803-0DAE-45F5-A785-FFF170947129}"
EndProject
Project("{FAE04EC0-301F-11D3-BF4B-00C04F79EFBC}") = "DB", "DB\DB.csproj", "{1B7B2489-3B39-4F0E-871C-56E50F84403E}"
EndProject
Global
	GlobalSection(SolutionConfigurationPlatforms) = preSolution
		Debug|Any CPU = Debug|Any CPU
		Release|Any CPU = Release|Any CPU
	EndGlobalSection
	GlobalSection(ProjectConfigurationPlatforms) = postSolution
		{BF338837-8682-4E6B-A2C3-5434739A7CB0}.Debug|Any CPU.ActiveCfg = Debug|Any CPU
		{BF338837-8682-4E6B-A2C3-5434739A7CB0}.Debug|Any CPU.Build.0 = Debug|Any CPU
		{BF338837-8682-4E6B-A2C3-5434739A7CB0}.Release|Any CPU.ActiveCfg = Release|Any CPU
		{BF338837-8682-4E6B-A2C3-5434739A7CB0}.Release|Any CPU.Build.0 = Release|Any CPU
		{3FA88D53-5F3D-4038-8998-90B573250A5C}.Debug|Any CPU.ActiveCfg = Debug|Any CPU
		{3FA88D53-5F3D-4038-8998-90B573250A5C}.Debug|Any CPU.Build.0 = Debug|Any CPU
		{3FA88D53-5F3D-4038-8998-90B573250A5C}.Release|Any CPU.ActiveCfg = Release|Any CPU
		{3FA88D53-5F3D-4038-8998-90B573250A5C}.Release|Any CPU.Build.0 = Release|Any CPU
		{A7856FAB-0271-4641-B287-BF3668F248AA}.Debug|Any CPU.ActiveCfg = Debug|Any CPU
		{A7856FAB-0271-4641-B287-BF3668F248AA}.Debug|Any CPU.Build.0 = Debug|Any CPU
		{A7856FAB-0271-4641-B287-BF3668F248AA}.Release|Any CPU.ActiveCfg = Release|Any CPU
		{A7856FAB-0271-4641-B287-BF3668F248AA}.Release|Any CPU.Build.0 = Release|Any CPU
		{69C37150-9275-40FE-BE74-4674967BBB0D}.Debug|Any CPU.ActiveCfg = Debug|Any CPU
		{69C37150-9275-40FE-BE74-4674967BBB0D}.Debug|Any CPU.Build.0 = Debug|Any CPU
		{69C37150-9275-40FE-BE74-4674967BBB0D}.Release|Any CPU.ActiveCfg = Release|Any CPU
		{69C37150-9275-40FE-BE74-4674967BBB0D}.Release|Any CPU.Build.0 = Release|Any CPU
		{3675F803-0DAE-45F5-A785-FFF170947129}.Debug|Any CPU.ActiveCfg = Debug|Any CPU
		{3675F803-0DAE-45F5-A785-FFF170947129}.Debug|Any CPU.Build.0 = Debug|Any CPU
		{3675F803-0DAE-45F5-A785-FFF170947129}.Release|Any CPU.ActiveCfg = Release|Any CPU
		{3675F803-0DAE-45F5-A785-FFF170947129}.Release|Any CPU.Build.0 = Release|Any CPU
		{1B7B2489-3B39-4F0E-871C-56E50F84403E}.Debug|Any CPU.ActiveCfg = Debug|Any CPU
		{1B7B2489-3B39-4F0E-871C-56E50F84403E}.Debug|Any CPU.Build.0 = Debug|Any CPU
		{1B7B2489-3B39-4F0E-871C-56E50F84403E}.Release|Any CPU.ActiveCfg = Release|Any CPU
		{1B7B2489-3B39-4F0E-871C-56E50F84403E}.Release|Any CPU.Build.0 = Release|Any CPU
	EndGlobalSection
	GlobalSection(SolutionProperties) = preSolution
		HideSolutionNode = FALSE
	EndGlobalSection
	GlobalSection(ExtensibilityGlobals) = postSolution
		SolutionGuid = {3C33C9B3-D3EF-4C6C-9196-423B2A430264}
	EndGlobalSection
EndGlobal
