
Microsoft Visual Studio Solution File, Format Version 12.00
# Visual Studio Version 16
VisualStudioVersion = 16.0.30804.86
MinimumVisualStudioVersion = 10.0.40219.1
Project("{9A19103F-16F7-4668-BE54-9A1E7A4F7556}") = "Car", "Object1\Car.csproj", "{BF338837-8682-4E6B-A2C3-5434739A7CB0}"
EndProject
Project("{9A19103F-16F7-4668-BE54-9A1E7A4F7556}") = "Parts", "Parts\Parts.csproj", "{3FA88D53-5F3D-4038-8998-90B573250A5C}"
EndProject
Project("{9A19103F-16F7-4668-BE54-9A1E7A4F7556}") = "Human", "Human\Human.csproj", "{A7856FAB-0271-4641-B287-BF3668F248AA}"
EndProject
Project("{9A19103F-16F7-4668-BE54-9A1E7A4F7556}") = "Sports", "Sports\Sports.csproj", "{69C37150-9275-40FE-BE74-4674967BBB0D}"
EndProject
Project("{9A19103F-16F7-4668-BE54-9A1E7A4F7556}") = "Bussiness", "Bussiness\Bussiness.csproj", "{3675F803-0DAE-45F5-A785-FFF170947129}"
EndProject
Project("{FAE04EC0-301F-11D3-BF4B-00C04F79EFBC}") = "God", "God\God.csproj", "{01338D4F-B607-4881-8519-618C7BE114C7}"
EndProject
Project("{FAE04EC0-301F-11D3-BF4B-00C04F79EFBC}") = "TestDB2", "TestDB2\TestDB2.csproj", "{8CD89F64-9123-4E19-8ABF-0FAD5E4DDA42}"
EndProject
Project("{FAE04EC0-301F-11D3-BF4B-00C04F79EFBC}") = "MVP", "MVP\MVP.csproj", "{182A6E10-F445-4B82-9924-92F2929B855D}"
EndProject
Project("{FAE04EC0-301F-11D3-BF4B-00C04F79EFBC}") = "Linq2", "Linq2\Linq2.csproj", "{377F0A5C-0018-4994-972C-F631604207E0}"
EndProject
Global
	GlobalSection(SolutionConfigurationPlatforms) = preSolution
		Debug|Any CPU = Debug|Any CPU
		Release|Any CPU = Release|Any CPU
	EndGlobalSection
	GlobalSection(ProjectConfigurationPlatforms) = postSolution
		{BF338837-8682-4E6B-A2C3-5434739A7CB0}.Debug|Any CPU.ActiveCfg = Debug|Any CPU
		{BF338837-8682-4E6B-A2C3-5434739A7CB0}.Debug|Any CPU.Build.0 = Debug|Any CPU
		{BF338837-8682-4E6B-A2C3-5434739A7CB0}.Release|Any CPU.ActiveCfg = Release|Any CPU
		{BF338837-8682-4E6B-A2C3-5434739A7CB0}.Release|Any CPU.Build.0 = Release|Any CPU
		{3FA88D53-5F3D-4038-8998-90B573250A5C}.Debug|Any CPU.ActiveCfg = Debug|Any CPU
		{3FA88D53-5F3D-4038-8998-90B573250A5C}.Debug|Any CPU.Build.0 = Debug|Any CPU
		{3FA88D53-5F3D-4038-8998-90B573250A5C}.Release|Any CPU.ActiveCfg = Release|Any CPU
		{3FA88D53-5F3D-4038-8998-90B573250A5C}.Release|Any CPU.Build.0 = Release|Any CPU
		{A7856FAB-0271-4641-B287-BF3668F248AA}.Debug|Any CPU.ActiveCfg = Debug|Any CPU
		{A7856FAB-0271-4641-B287-BF3668F248AA}.Debug|Any CPU.Build.0 = Debug|Any CPU
		{A7856FAB-0271-4641-B287-BF3668F248AA}.Release|Any CPU.ActiveCfg = Release|Any CPU
		{A7856FAB-0271-4641-B287-BF3668F248AA}.Release|Any CPU.Build.0 = Release|Any CPU
		{69C37150-9275-40FE-BE74-4674967BBB0D}.Debug|Any CPU.ActiveCfg = Debug|Any CPU
		{69C37150-9275-40FE-BE74-4674967BBB0D}.Debug|Any CPU.Build.0 = Debug|Any CPU
		{69C37150-9275-40FE-BE74-4674967BBB0D}.Release|Any CPU.ActiveCfg = Release|Any CPU
		{69C37150-9275-40FE-BE74-4674967BBB0D}.Release|Any CPU.Build.0 = Release|Any CPU
		{3675F803-0DAE-45F5-A785-FFF170947129}.Debug|Any CPU.ActiveCfg = Debug|Any CPU
		{3675F803-0DAE-45F5-A785-FFF170947129}.Debug|Any CPU.Build.0 = Debug|Any CPU
		{3675F803-0DAE-45F5-A785-FFF170947129}.Release|Any CPU.ActiveCfg = Release|Any CPU
		{3675F803-0DAE-45F5-A785-FFF170947129}.Release|Any CPU.Build.0 = Release|Any CPU
		{01338D4F-B607-4881-8519-618C7BE114C7}.Debug|Any CPU.ActiveCfg = Debug|Any CPU
		{01338D4F-B607-4881-8519-618C7BE114C7}.Debug|Any CPU.Build.0 = Debug|Any CPU
		{01338D4F-B607-4881-8519-618C7BE114C7}.Release|Any CPU.ActiveCfg = Release|Any CPU
		{01338D4F-B607-4881-8519-618C7BE114C7}.Release|Any CPU.Build.0 = Release|Any CPU
		{8CD89F64-9123-4E19-8ABF-0FAD5E4DDA42}.Debug|Any CPU.ActiveCfg = Debug|Any CPU
		{8CD89F64-9123-4E19-8ABF-0FAD5E4DDA42}.Debug|Any CPU.Build.0 = Debug|Any CPU
		{8CD89F64-9123-4E19-8ABF-0FAD5E4DDA42}.Release|Any CPU.ActiveCfg = Release|Any CPU
		{8CD89F64-9123-4E19-8ABF-0FAD5E4DDA42}.Release|Any CPU.Build.0 = Release|Any CPU
		{182A6E10-F445-4B82-9924-92F2929B855D}.Debug|Any CPU.ActiveCfg = Debug|Any CPU
		{182A6E10-F445-4B82-9924-92F2929B855D}.Debug|Any CPU.Build.0 = Debug|Any CPU
		{182A6E10-F445-4B82-9924-92F2929B855D}.Release|Any CPU.ActiveCfg = Release|Any CPU
		{182A6E10-F445-4B82-9924-92F2929B855D}.Release|Any CPU.Build.0 = Release|Any CPU
		{377F0A5C-0018-4994-972C-F631604207E0}.Debug|Any CPU.ActiveCfg = Debug|Any CPU
		{377F0A5C-0018-4994-972C-F631604207E0}.Debug|Any CPU.Build.0 = Debug|Any CPU
		{377F0A5C-0018-4994-972C-F631604207E0}.Release|Any CPU.ActiveCfg = Release|Any CPU
		{377F0A5C-0018-4994-972C-F631604207E0}.Release|Any CPU.Build.0 = Release|Any CPU
	EndGlobalSection
	GlobalSection(SolutionProperties) = preSolution
		HideSolutionNode = FALSE
	EndGlobalSection
	GlobalSection(ExtensibilityGlobals) = postSolution
		SolutionGuid = {3C33C9B3-D3EF-4C6C-9196-423B2A430264}
	EndGlobalSection
EndGlobal
