
Microsoft Visual Studio Solution File, Format Version 12.00
# Visual Studio Version 16
VisualStudioVersion = 16.0.30804.86
MinimumVisualStudioVersion = 10.0.40219.1
Project("{FAE04EC0-301F-11D3-BF4B-00C04F79EFBC}") = "ToDoApplication", "ToDoApplication\ToDoApplication.csproj", "{42887FC7-F3A1-493C-BF4C-206DBDC2074B}"
EndProject
Global
	GlobalSection(SolutionConfigurationPlatforms) = preSolution
		Debug|Any CPU = Debug|Any CPU
		Release|Any CPU = Release|Any CPU
	EndGlobalSection
	GlobalSection(ProjectConfigurationPlatforms) = postSolution
		{42887FC7-F3A1-493C-BF4C-206DBDC2074B}.Debug|Any CPU.ActiveCfg = Debug|Any CPU
		{42887FC7-F3A1-493C-BF4C-206DBDC2074B}.Debug|Any CPU.Build.0 = Debug|Any CPU
		{42887FC7-F3A1-493C-BF4C-206DBDC2074B}.Release|Any CPU.ActiveCfg = Release|Any CPU
		{42887FC7-F3A1-493C-BF4C-206DBDC2074B}.Release|Any CPU.Build.0 = Release|Any CPU
	EndGlobalSection
	GlobalSection(SolutionProperties) = preSolution
		HideSolutionNode = FALSE
	EndGlobalSection
	GlobalSection(ExtensibilityGlobals) = postSolution
		SolutionGuid = {7D00AEC2-7EFE-445B-8F80-79C1B8BA33CE}
	EndGlobalSection
EndGlobal
